// !$*UTF8*$!
{
	archiveVersion = 1;
	classes = {
	};
	objectVersion = 50;
	objects = {

/* Begin PBXBuildFile section */
		462996FA585FAE5BB330F5AE /* Pods_Todo.framework in Frameworks */ = {isa = PBXBuildFile; fileRef = A3E267E1E6B70127E40648C5 /* Pods_Todo.framework */; };
		A313881B219EF8E100DD800B /* AppDelegate.swift in Sources */ = {isa = PBXBuildFile; fileRef = A313881A219EF8E100DD800B /* AppDelegate.swift */; };
		A313881D219EF8E100DD800B /* TodoListViewControler.swift in Sources */ = {isa = PBXBuildFile; fileRef = A313881C219EF8E100DD800B /* TodoListViewControler.swift */; };
		A3138820219EF8E100DD800B /* Main.storyboard in Resources */ = {isa = PBXBuildFile; fileRef = A313881E219EF8E100DD800B /* Main.storyboard */; };
		A3138822219EF8E200DD800B /* Assets.xcassets in Resources */ = {isa = PBXBuildFile; fileRef = A3138821219EF8E200DD800B /* Assets.xcassets */; };
		A3138825219EF8E200DD800B /* LaunchScreen.storyboard in Resources */ = {isa = PBXBuildFile; fileRef = A3138823219EF8E200DD800B /* LaunchScreen.storyboard */; };
		A313885A21A2D32000DD800B /* CategoryViewController.swift in Sources */ = {isa = PBXBuildFile; fileRef = A313885921A2D32000DD800B /* CategoryViewController.swift */; };
		A313886021A3C63F00DD800B /* Category.swift in Sources */ = {isa = PBXBuildFile; fileRef = A313885F21A3C63F00DD800B /* Category.swift */; };
		A313886221A3C64E00DD800B /* Item.swift in Sources */ = {isa = PBXBuildFile; fileRef = A313886121A3C64E00DD800B /* Item.swift */; };
/* End PBXBuildFile section */

/* Begin PBXFileReference section */
		188CD1C6FE6986AC40911B88 /* Pods-Todo.debug.xcconfig */ = {isa = PBXFileReference; includeInIndex = 1; lastKnownFileType = text.xcconfig; name = "Pods-Todo.debug.xcconfig"; path = "Pods/Target Support Files/Pods-Todo/Pods-Todo.debug.xcconfig"; sourceTree = "<group>"; };
		1E152041243189BBB61447AB /* Pods-Todo.release.xcconfig */ = {isa = PBXFileReference; includeInIndex = 1; lastKnownFileType = text.xcconfig; name = "Pods-Todo.release.xcconfig"; path = "Pods/Target Support Files/Pods-Todo/Pods-Todo.release.xcconfig"; sourceTree = "<group>"; };
		A3138817219EF8E100DD800B /* Todo.app */ = {isa = PBXFileReference; explicitFileType = wrapper.application; includeInIndex = 0; path = Todo.app; sourceTree = BUILT_PRODUCTS_DIR; };
		A313881A219EF8E100DD800B /* AppDelegate.swift */ = {isa = PBXFileReference; lastKnownFileType = sourcecode.swift; path = AppDelegate.swift; sourceTree = "<group>"; };
		A313881C219EF8E100DD800B /* TodoListViewControler.swift */ = {isa = PBXFileReference; lastKnownFileType = sourcecode.swift; path = TodoListViewControler.swift; sourceTree = "<group>"; };
		A313881F219EF8E100DD800B /* Base */ = {isa = PBXFileReference; lastKnownFileType = file.storyboard; name = Base; path = Base.lproj/Main.storyboard; sourceTree = "<group>"; };
		A3138821219EF8E200DD800B /* Assets.xcassets */ = {isa = PBXFileReference; lastKnownFileType = folder.assetcatalog; path = Assets.xcassets; sourceTree = "<group>"; };
		A3138824219EF8E200DD800B /* Base */ = {isa = PBXFileReference; lastKnownFileType = file.storyboard; name = Base; path = Base.lproj/LaunchScreen.storyboard; sourceTree = "<group>"; };
		A3138826219EF8E200DD800B /* Info.plist */ = {isa = PBXFileReference; lastKnownFileType = text.plist.xml; path = Info.plist; sourceTree = "<group>"; };
		A313885921A2D32000DD800B /* CategoryViewController.swift */ = {isa = PBXFileReference; lastKnownFileType = sourcecode.swift; path = CategoryViewController.swift; sourceTree = "<group>"; };
		A313885F21A3C63F00DD800B /* Category.swift */ = {isa = PBXFileReference; lastKnownFileType = sourcecode.swift; path = Category.swift; sourceTree = "<group>"; };
		A313886121A3C64E00DD800B /* Item.swift */ = {isa = PBXFileReference; lastKnownFileType = sourcecode.swift; path = Item.swift; sourceTree = "<group>"; };
		A3E267E1E6B70127E40648C5 /* Pods_Todo.framework */ = {isa = PBXFileReference; explicitFileType = wrapper.framework; includeInIndex = 0; path = Pods_Todo.framework; sourceTree = BUILT_PRODUCTS_DIR; };
/* End PBXFileReference section */

/* Begin PBXFrameworksBuildPhase section */
		A3138814219EF8E100DD800B /* Frameworks */ = {
			isa = PBXFrameworksBuildPhase;
			buildActionMask = 2147483647;
			files = (
				462996FA585FAE5BB330F5AE /* Pods_Todo.framework in Frameworks */,
			);
			runOnlyForDeploymentPostprocessing = 0;
		};
/* End PBXFrameworksBuildPhase section */

/* Begin PBXGroup section */
		388D4642851C66A6E886DA53 /* Frameworks */ = {
			isa = PBXGroup;
			children = (
				A3E267E1E6B70127E40648C5 /* Pods_Todo.framework */,
			);
			name = Frameworks;
			sourceTree = "<group>";
		};
		5BA6DB80DBE7EC78AFC4C163 /* Pods */ = {
			isa = PBXGroup;
			children = (
				188CD1C6FE6986AC40911B88 /* Pods-Todo.debug.xcconfig */,
				1E152041243189BBB61447AB /* Pods-Todo.release.xcconfig */,
			);
			name = Pods;
			sourceTree = "<group>";
		};
		A313880E219EF8E100DD800B = {
			isa = PBXGroup;
			children = (
				A3138819219EF8E100DD800B /* Todo */,
				A3138818219EF8E100DD800B /* Products */,
				5BA6DB80DBE7EC78AFC4C163 /* Pods */,
				388D4642851C66A6E886DA53 /* Frameworks */,
			);
			sourceTree = "<group>";
		};
		A3138818219EF8E100DD800B /* Products */ = {
			isa = PBXGroup;
			children = (
				A3138817219EF8E100DD800B /* Todo.app */,
			);
			name = Products;
			sourceTree = "<group>";
		};
		A3138819219EF8E100DD800B /* Todo */ = {
			isa = PBXGroup;
			children = (
				A313881A219EF8E100DD800B /* AppDelegate.swift */,
				A313881C219EF8E100DD800B /* TodoListViewControler.swift */,
				A313881E219EF8E100DD800B /* Main.storyboard */,
				A3138821219EF8E200DD800B /* Assets.xcassets */,
				A3138823219EF8E200DD800B /* LaunchScreen.storyboard */,
				A3138826219EF8E200DD800B /* Info.plist */,
				A313885921A2D32000DD800B /* CategoryViewController.swift */,
				A313883321A1829300DD800B /* model */,
			);
			path = Todo;
			sourceTree = "<group>";
		};
		A313883321A1829300DD800B /* model */ = {
			isa = PBXGroup;
			children = (
				A313885F21A3C63F00DD800B /* Category.swift */,
				A313886121A3C64E00DD800B /* Item.swift */,
			);
			path = model;
			sourceTree = "<group>";
		};
/* End PBXGroup section */

/* Begin PBXNativeTarget section */
		A3138816219EF8E100DD800B /* Todo */ = {
			isa = PBXNativeTarget;
			buildConfigurationList = A3138829219EF8E200DD800B /* Build configuration list for PBXNativeTarget "Todo" */;
			buildPhases = (
				05ACCAB2692ECDA6B875AA95 /* [CP] Check Pods Manifest.lock */,
				A3138813219EF8E100DD800B /* Sources */,
				A3138814219EF8E100DD800B /* Frameworks */,
				A3138815219EF8E100DD800B /* Resources */,
				4557A85B5D1F8A0946676A4C /* [CP] Embed Pods Frameworks */,
			);
			buildRules = (
			);
			dependencies = (
			);
			name = Todo;
			productName = Todo;
			productReference = A3138817219EF8E100DD800B /* Todo.app */;
			productType = "com.apple.product-type.application";
		};
/* End PBXNativeTarget section */

/* Begin PBXProject section */
		A313880F219EF8E100DD800B /* Project object */ = {
			isa = PBXProject;
			attributes = {
				LastSwiftUpdateCheck = 1010;
				LastUpgradeCheck = 1010;
				ORGANIZATIONNAME = "Elvis Mogaka";
				TargetAttributes = {
					A3138816219EF8E100DD800B = {
						CreatedOnToolsVersion = 10.1;
					};
				};
			};
			buildConfigurationList = A3138812219EF8E100DD800B /* Build configuration list for PBXProject "Todo" */;
			compatibilityVersion = "Xcode 9.3";
			developmentRegion = en;
			hasScannedForEncodings = 0;
			knownRegions = (
				en,
				Base,
			);
			mainGroup = A313880E219EF8E100DD800B;
			productRefGroup = A3138818219EF8E100DD800B /* Products */;
			projectDirPath = "";
			projectRoot = "";
			targets = (
				A3138816219EF8E100DD800B /* Todo */,
			);
		};
/* End PBXProject section */

/* Begin PBXResourcesBuildPhase section */
		A3138815219EF8E100DD800B /* Resources */ = {
			isa = PBXResourcesBuildPhase;
			buildActionMask = 2147483647;
			files = (
				A3138825219EF8E200DD800B /* LaunchScreen.storyboard in Resources */,
				A3138822219EF8E200DD800B /* Assets.xcassets in Resources */,
				A3138820219EF8E100DD800B /* Main.storyboard in Resources */,
			);
			runOnlyForDeploymentPostprocessing = 0;
		};
/* End PBXResourcesBuildPhase section */

/* Begin PBXShellScriptBuildPhase section */
		05ACCAB2692ECDA6B875AA95 /* [CP] Check Pods Manifest.lock */ = {
			isa = PBXShellScriptBuildPhase;
			buildActionMask = 2147483647;
			files = (
			);
			inputFileListPaths = (
			);
			inputPaths = (
				"${PODS_PODFILE_DIR_PATH}/Podfile.lock",
				"${PODS_ROOT}/Manifest.lock",
			);
			name = "[CP] Check Pods Manifest.lock";
			outputFileListPaths = (
			);
			outputPaths = (
				"$(DERIVED_FILE_DIR)/Pods-Todo-checkManifestLockResult.txt",
			);
			runOnlyForDeploymentPostprocessing = 0;
			shellPath = /bin/sh;
			shellScript = "diff \"${PODS_PODFILE_DIR_PATH}/Podfile.lock\" \"${PODS_ROOT}/Manifest.lock\" > /dev/null\nif [ $? != 0 ] ; then\n    # print error to STDERR\n    echo \"error: The sandbox is not in sync with the Podfile.lock. Run 'pod install' or update your CocoaPods installation.\" >&2\n    exit 1\nfi\n# This output is used by Xcode 'outputs' to avoid re-running this script phase.\necho \"SUCCESS\" > \"${SCRIPT_OUTPUT_FILE_0}\"\n";
			showEnvVarsInLog = 0;
		};
		4557A85B5D1F8A0946676A4C /* [CP] Embed Pods Frameworks */ = {
			isa = PBXShellScriptBuildPhase;
			buildActionMask = 2147483647;
			files = (
			);
			inputFileListPaths = (
			);
			inputPaths = (
				"${SRCROOT}/Pods/Target Support Files/Pods-Todo/Pods-Todo-frameworks.sh",
				"${BUILT_PRODUCTS_DIR}/Realm/Realm.framework",
				"${BUILT_PRODUCTS_DIR}/RealmSwift/RealmSwift.framework",
			);
			name = "[CP] Embed Pods Frameworks";
			outputFileListPaths = (
			);
			outputPaths = (
				"${TARGET_BUILD_DIR}/${FRAMEWORKS_FOLDER_PATH}/Realm.framework",
				"${TARGET_BUILD_DIR}/${FRAMEWORKS_FOLDER_PATH}/RealmSwift.framework",
			);
			runOnlyForDeploymentPostprocessing = 0;
			shellPath = /bin/sh;
			shellScript = "\"${SRCROOT}/Pods/Target Support Files/Pods-Todo/Pods-Todo-frameworks.sh\"\n";
			showEnvVarsInLog = 0;
		};
/* End PBXShellScriptBuildPhase section */

/* Begin PBXSourcesBuildPhase section */
		A3138813219EF8E100DD800B /* Sources */ = {
			isa = PBXSourcesBuildPhase;
			buildActionMask = 2147483647;
			files = (
				A313885A21A2D32000DD800B /* CategoryViewController.swift in Sources */,
				A313886021A3C63F00DD800B /* Category.swift in Sources */,
				A313881D219EF8E100DD800B /* TodoListViewControler.swift in Sources */,
				A313886221A3C64E00DD800B /* Item.swift in Sources */,
				A313881B219EF8E100DD800B /* AppDelegate.swift in Sources */,
			);
			runOnlyForDeploymentPostprocessing = 0;
		};
/* End PBXSourcesBuildPhase section */

/* Begin PBXVariantGroup section */
		A313881E219EF8E100DD800B /* Main.storyboard */ = {
			isa = PBXVariantGroup;
			children = (
				A313881F219EF8E100DD800B /* Base */,
			);
			name = Main.storyboard;
			sourceTree = "<group>";
		};
		A3138823219EF8E200DD800B /* LaunchScreen.storyboard */ = {
			isa = PBXVariantGroup;
			children = (
				A3138824219EF8E200DD800B /* Base */,
			);
			name = LaunchScreen.storyboard;
			sourceTree = "<group>";
		};
/* End PBXVariantGroup section */

/* Begin XCBuildConfiguration section */
		A3138827219EF8E200DD800B /* Debug */ = {
			isa = XCBuildConfiguration;
			buildSettings = {
				ALWAYS_SEARCH_USER_PATHS = NO;
				CLANG_ANALYZER_NONNULL = YES;
				CLANG_ANALYZER_NUMBER_OBJECT_CONVERSION = YES_AGGRESSIVE;
				CLANG_CXX_LANGUAGE_STANDARD = "gnu++14";
				CLANG_CXX_LIBRARY = "libc++";
				CLANG_ENABLE_MODULES = YES;
				CLANG_ENABLE_OBJC_ARC = YES;
				CLANG_ENABLE_OBJC_WEAK = YES;
				CLANG_WARN_BLOCK_CAPTURE_AUTORELEASING = YES;
				CLANG_WARN_BOOL_CONVERSION = YES;
				CLANG_WARN_COMMA = YES;
				CLANG_WARN_CONSTANT_CONVERSION = YES;
				CLANG_WARN_DEPRECATED_OBJC_IMPLEMENTATIONS = YES;
				CLANG_WARN_DIRECT_OBJC_ISA_USAGE = YES_ERROR;
				CLANG_WARN_DOCUMENTATION_COMMENTS = YES;
				CLANG_WARN_EMPTY_BODY = YES;
				CLANG_WARN_ENUM_CONVERSION = YES;
				CLANG_WARN_INFINITE_RECURSION = YES;
				CLANG_WARN_INT_CONVERSION = YES;
				CLANG_WARN_NON_LITERAL_NULL_CONVERSION = YES;
				CLANG_WARN_OBJC_IMPLICIT_RETAIN_SELF = YES;
				CLANG_WARN_OBJC_LITERAL_CONVERSION = YES;
				CLANG_WARN_OBJC_ROOT_CLASS = YES_ERROR;
				CLANG_WARN_RANGE_LOOP_ANALYSIS = YES;
				CLANG_WARN_STRICT_PROTOTYPES = YES;
				CLANG_WARN_SUSPICIOUS_MOVE = YES;
				CLANG_WARN_UNGUARDED_AVAILABILITY = YES_AGGRESSIVE;
				CLANG_WARN_UNREACHABLE_CODE = YES;
				CLANG_WARN__DUPLICATE_METHOD_MATCH = YES;
				CODE_SIGN_IDENTITY = "iPhone Developer";
				COPY_PHASE_STRIP = NO;
				DEBUG_INFORMATION_FORMAT = dwarf;
				ENABLE_STRICT_OBJC_MSGSEND = YES;
				ENABLE_TESTABILITY = YES;
				GCC_C_LANGUAGE_STANDARD = gnu11;
				GCC_DYNAMIC_NO_PIC = NO;
				GCC_NO_COMMON_BLOCKS = YES;
				GCC_OPTIMIZATION_LEVEL = 0;
				GCC_PREPROCESSOR_DEFINITIONS = (
					"DEBUG=1",
					"$(inherited)",
				);
				GCC_WARN_64_TO_32_BIT_CONVERSION = YES;
				GCC_WARN_ABOUT_RETURN_TYPE = YES_ERROR;
				GCC_WARN_UNDECLARED_SELECTOR = YES;
				GCC_WARN_UNINITIALIZED_AUTOS = YES_AGGRESSIVE;
				GCC_WARN_UNUSED_FUNCTION = YES;
				GCC_WARN_UNUSED_VARIABLE = YES;
				IPHONEOS_DEPLOYMENT_TARGET = 12.1;
				MTL_ENABLE_DEBUG_INFO = INCLUDE_SOURCE;
				MTL_FAST_MATH = YES;
				ONLY_ACTIVE_ARCH = YES;
				SDKROOT = iphoneos;
				SWIFT_ACTIVE_COMPILATION_CONDITIONS = DEBUG;
				SWIFT_OPTIMIZATION_LEVEL = "-Onone";
			};
			name = Debug;
		};
		A3138828219EF8E200DD800B /* Release */ = {
			isa = XCBuildConfiguration;
			buildSettings = {
				ALWAYS_SEARCH_USER_PATHS = NO;
				CLANG_ANALYZER_NONNULL = YES;
				CLANG_ANALYZER_NUMBER_OBJECT_CONVERSION = YES_AGGRESSIVE;
				CLANG_CXX_LANGUAGE_STANDARD = "gnu++14";
				CLANG_CXX_LIBRARY = "libc++";
				CLANG_ENABLE_MODULES = YES;
				CLANG_ENABLE_OBJC_ARC = YES;
				CLANG_ENABLE_OBJC_WEAK = YES;
				CLANG_WARN_BLOCK_CAPTURE_AUTORELEASING = YES;
				CLANG_WARN_BOOL_CONVERSION = YES;
				CLANG_WARN_COMMA = YES;
				CLANG_WARN_CONSTANT_CONVERSION = YES;
				CLANG_WARN_DEPRECATED_OBJC_IMPLEMENTATIONS = YES;
				CLANG_WARN_DIRECT_OBJC_ISA_USAGE = YES_ERROR;
				CLANG_WARN_DOCUMENTATION_COMMENTS = YES;
				CLANG_WARN_EMPTY_BODY = YES;
				CLANG_WARN_ENUM_CONVERSION = YES;
				CLANG_WARN_INFINITE_RECURSION = YES;
				CLANG_WARN_INT_CONVERSION = YES;
				CLANG_WARN_NON_LITERAL_NULL_CONVERSION = YES;
				CLANG_WARN_OBJC_IMPLICIT_RETAIN_SELF = YES;
				CLANG_WARN_OBJC_LITERAL_CONVERSION = YES;
				CLANG_WARN_OBJC_ROOT_CLASS = YES_ERROR;
				CLANG_WARN_RANGE_LOOP_ANALYSIS = YES;
				CLANG_WARN_STRICT_PROTOTYPES = YES;
				CLANG_WARN_SUSPICIOUS_MOVE = YES;
				CLANG_WARN_UNGUARDED_AVAILABILITY = YES_AGGRESSIVE;
				CLANG_WARN_UNREACHABLE_CODE = YES;
				CLANG_WARN__DUPLICATE_METHOD_MATCH = YES;
				CODE_SIGN_IDENTITY = "iPhone Developer";
				COPY_PHASE_STRIP = NO;
				DEBUG_INFORMATION_FORMAT = "dwarf-with-dsym";
				ENABLE_NS_ASSERTIONS = NO;
				ENABLE_STRICT_OBJC_MSGSEND = YES;
				GCC_C_LANGUAGE_STANDARD = gnu11;
				GCC_NO_COMMON_BLOCKS = YES;
				GCC_WARN_64_TO_32_BIT_CONVERSION = YES;
				GCC_WARN_ABOUT_RETURN_TYPE = YES_ERROR;
				GCC_WARN_UNDECLARED_SELECTOR = YES;
				GCC_WARN_UNINITIALIZED_AUTOS = YES_AGGRESSIVE;
				GCC_WARN_UNUSED_FUNCTION = YES;
				GCC_WARN_UNUSED_VARIABLE = YES;
				IPHONEOS_DEPLOYMENT_TARGET = 12.1;
				MTL_ENABLE_DEBUG_INFO = NO;
				MTL_FAST_MATH = YES;
				SDKROOT = iphoneos;
				SWIFT_COMPILATION_MODE = wholemodule;
				SWIFT_OPTIMIZATION_LEVEL = "-O";
				VALIDATE_PRODUCT = YES;
			};
			name = Release;
		};
		A313882A219EF8E200DD800B /* Debug */ = {
			isa = XCBuildConfiguration;
			baseConfigurationReference = 188CD1C6FE6986AC40911B88 /* Pods-Todo.debug.xcconfig */;
			buildSettings = {
				ASSETCATALOG_COMPILER_APPICON_NAME = AppIcon;
				CODE_SIGN_STYLE = Automatic;
				DEVELOPMENT_TEAM = F3FTF4G7B9;
				INFOPLIST_FILE = Todo/Info.plist;
				LD_RUNPATH_SEARCH_PATHS = (
					"$(inherited)",
					"@executable_path/Frameworks",
				);
				PRODUCT_BUNDLE_IDENTIFIER = ml.elvismosoti.Todo;
				PRODUCT_NAME = "$(TARGET_NAME)";
				SWIFT_VERSION = 4.2;
				TARGETED_DEVICE_FAMILY = 1;
			};
			name = Debug;
		};
		A313882B219EF8E200DD800B /* Release */ = {
			isa = XCBuildConfiguration;
			baseConfigurationReference = 1E152041243189BBB61447AB /* Pods-Todo.release.xcconfig */;
			buildSettings = {
				ASSETCATALOG_COMPILER_APPICON_NAME = AppIcon;
				CODE_SIGN_STYLE = Automatic;
				DEVELOPMENT_TEAM = F3FTF4G7B9;
				INFOPLIST_FILE = Todo/Info.plist;
				LD_RUNPATH_SEARCH_PATHS = (
					"$(inherited)",
					"@executable_path/Frameworks",
				);
				PRODUCT_BUNDLE_IDENTIFIER = ml.elvismosoti.Todo;
				PRODUCT_NAME = "$(TARGET_NAME)";
				SWIFT_VERSION = 4.2;
				TARGETED_DEVICE_FAMILY = 1;
			};
			name = Release;
		};
/* End XCBuildConfiguration section */

/* Begin XCConfigurationList section */
		A3138812219EF8E100DD800B /* Build configuration list for PBXProject "Todo" */ = {
			isa = XCConfigurationList;
			buildConfigurations = (
				A3138827219EF8E200DD800B /* Debug */,
				A3138828219EF8E200DD800B /* Release */,
			);
			defaultConfigurationIsVisible = 0;
			defaultConfigurationName = Release;
		};
		A3138829219EF8E200DD800B /* Build configuration list for PBXNativeTarget "Todo" */ = {
			isa = XCConfigurationList;
			buildConfigurations = (
				A313882A219EF8E200DD800B /* Debug */,
				A313882B219EF8E200DD800B /* Release */,
			);
			defaultConfigurationIsVisible = 0;
			defaultConfigurationName = Release;
		};
/* End XCConfigurationList section */
	};
	rootObject = A313880F219EF8E100DD800B /* Project object */;
}
